
Microsoft Visual Studio Solution File, Format Version 12.00
# Visual Studio Version 17
VisualStudioVersion = 17.5.002.0
MinimumVisualStudioVersion = 10.0.40219.1
Project("{9A19103F-16F7-4668-BE54-9A1E7A4F7556}") = "Gestor_Biblioteca", "Gestor_Biblioteca.csproj", "{DE029534-43B6-42CF-93E2-C003DCA2FEF9}"
EndProject
Global
	GlobalSection(SolutionConfigurationPlatforms) = preSolution
		Debug|Any CPU = Debug|Any CPU
		Release|Any CPU = Release|Any CPU
	EndGlobalSection
	GlobalSection(ProjectConfigurationPlatforms) = postSolution
		{DE029534-43B6-42CF-93E2-C003DCA2FEF9}.Debug|Any CPU.ActiveCfg = Debug|Any CPU
		{DE029534-43B6-42CF-93E2-C003DCA2FEF9}.Debug|Any CPU.Build.0 = Debug|Any CPU
		{DE029534-43B6-42CF-93E2-C003DCA2FEF9}.Release|Any CPU.ActiveCfg = Release|Any CPU
		{DE029534-43B6-42CF-93E2-C003DCA2FEF9}.Release|Any CPU.Build.0 = Release|Any CPU
	EndGlobalSection
	GlobalSection(SolutionProperties) = preSolution
		HideSolutionNode = FALSE
	EndGlobalSection
	GlobalSection(ExtensibilityGlobals) = postSolution
		SolutionGuid = {0061F45B-65A2-40C2-8D28-6D7C2D129732}
	EndGlobalSection
EndGlobal
